
Microsoft Visual Studio Solution File, Format Version 12.00
# Visual Studio Version 16
VisualStudioVersion = 16.0.30907.101
MinimumVisualStudioVersion = 10.0.40219.1
Project("{FAE04EC0-301F-11D3-BF4B-00C04F79EFBC}") = "JSonHandler", "JSonHandler.csproj", "{6EBC081D-9FE1-42B1-B809-6B5E34CCE80C}"
EndProject
Project("{FAE04EC0-301F-11D3-BF4B-00C04F79EFBC}") = "JSonHandler.Test", "..\JSonHandler.Test\JSonHandler.Test.csproj", "{4315ED2F-AA0B-4624-892E-F148077EF392}"
EndProject
Global
	GlobalSection(SolutionConfigurationPlatforms) = preSolution
		Debug|Any CPU = Debug|Any CPU
		Release|Any CPU = Release|Any CPU
	EndGlobalSection
	GlobalSection(ProjectConfigurationPlatforms) = postSolution
		{6EBC081D-9FE1-42B1-B809-6B5E34CCE80C}.Debug|Any CPU.ActiveCfg = Debug|Any CPU
		{6EBC081D-9FE1-42B1-B809-6B5E34CCE80C}.Debug|Any CPU.Build.0 = Debug|Any CPU
		{6EBC081D-9FE1-42B1-B809-6B5E34CCE80C}.Release|Any CPU.ActiveCfg = Release|Any CPU
		{6EBC081D-9FE1-42B1-B809-6B5E34CCE80C}.Release|Any CPU.Build.0 = Release|Any CPU
		{4315ED2F-AA0B-4624-892E-F148077EF392}.Debug|Any CPU.ActiveCfg = Debug|Any CPU
		{4315ED2F-AA0B-4624-892E-F148077EF392}.Debug|Any CPU.Build.0 = Debug|Any CPU
		{4315ED2F-AA0B-4624-892E-F148077EF392}.Release|Any CPU.ActiveCfg = Release|Any CPU
		{4315ED2F-AA0B-4624-892E-F148077EF392}.Release|Any CPU.Build.0 = Release|Any CPU
	EndGlobalSection
	GlobalSection(SolutionProperties) = preSolution
		HideSolutionNode = FALSE
	EndGlobalSection
	GlobalSection(ExtensibilityGlobals) = postSolution
		SolutionGuid = {6A321907-50A1-4217-A0CC-02F088924543}
	EndGlobalSection
EndGlobal
